
Microsoft Visual Studio Solution File, Format Version 12.00
# Visual Studio Version 16
VisualStudioVersion = 16.0.29519.87
MinimumVisualStudioVersion = 10.0.40219.1
Project("{FAE04EC0-301F-11D3-BF4B-00C04F79EFBC}") = "UltimateApp", "UltimateApp\UltimateApp.csproj", "{B93CE799-1C14-452F-9CA5-7B10B08DD230}"
EndProject
Global
	GlobalSection(SolutionConfigurationPlatforms) = preSolution
		Debug|Any CPU = Debug|Any CPU
		Release|Any CPU = Release|Any CPU
	EndGlobalSection
	GlobalSection(ProjectConfigurationPlatforms) = postSolution
		{B93CE799-1C14-452F-9CA5-7B10B08DD230}.Debug|Any CPU.ActiveCfg = Debug|Any CPU
		{B93CE799-1C14-452F-9CA5-7B10B08DD230}.Debug|Any CPU.Build.0 = Debug|Any CPU
		{B93CE799-1C14-452F-9CA5-7B10B08DD230}.Release|Any CPU.ActiveCfg = Release|Any CPU
		{B93CE799-1C14-452F-9CA5-7B10B08DD230}.Release|Any CPU.Build.0 = Release|Any CPU
	EndGlobalSection
	GlobalSection(SolutionProperties) = preSolution
		HideSolutionNode = FALSE
	EndGlobalSection
	GlobalSection(ExtensibilityGlobals) = postSolution
		SolutionGuid = {D3CE1229-5F8D-4068-BB5A-5235A3A7A159}
	EndGlobalSection
EndGlobal
